
Microsoft Visual Studio Solution File, Format Version 12.00
# Visual Studio Version 17
VisualStudioVersion = 17.13.35806.99 d17.13
MinimumVisualStudioVersion = 10.0.40219.1
Project("{FAE04EC0-301F-11D3-BF4B-00C04F79EFBC}") = "ControleDeContatos", "ControleDeContatos\ControleDeContatos.csproj", "{239F34D9-D0E9-49BA-9906-4866CA8D844C}"
EndProject
Global
	GlobalSection(SolutionConfigurationPlatforms) = preSolution
		Debug|Any CPU = Debug|Any CPU
		Release|Any CPU = Release|Any CPU
	EndGlobalSection
	GlobalSection(ProjectConfigurationPlatforms) = postSolution
		{239F34D9-D0E9-49BA-9906-4866CA8D844C}.Debug|Any CPU.ActiveCfg = Debug|Any CPU
		{239F34D9-D0E9-49BA-9906-4866CA8D844C}.Debug|Any CPU.Build.0 = Debug|Any CPU
		{239F34D9-D0E9-49BA-9906-4866CA8D844C}.Release|Any CPU.ActiveCfg = Release|Any CPU
		{239F34D9-D0E9-49BA-9906-4866CA8D844C}.Release|Any CPU.Build.0 = Release|Any CPU
	EndGlobalSection
	GlobalSection(SolutionProperties) = preSolution
		HideSolutionNode = FALSE
	EndGlobalSection
	GlobalSection(ExtensibilityGlobals) = postSolution
		SolutionGuid = {D9AEE038-C89D-44E7-B15E-6F7EA4515886}
	EndGlobalSection
EndGlobal
